hash: 60bf09b7f1e4fe0f38afb4d10728b62d95317594337b061b4f174895585913e9
updated: 2018-03-15T11:27:13.767876+08:00
imports:
- name: github.com/bitly/go-simplejson
  version: aabad6e819789e569bd6aabf444c935aa9ba1e44
- name: github.com/Jason916/peanut_core
  version: 2a9a19802291e8c5283c308ca93157a1d319773d
  subpackages:
  - handler
  - json
  - log
- name: github.com/Jason916/x2j
  version: 47449bb96533dbc86728fac7a0b68d0404ede909
- name: github.com/tidwall/gjson
  version: 01f00f129617a6fe98941fb920d6c760241b54d2
- name: github.com/tidwall/match
  version: 1731857f09b1f38450e2c12409748407822dc6be
testImports: []
